
Microsoft Visual Studio Solution File, Format Version 12.00
# Visual Studio Version 17
VisualStudioVersion = 17.11.35208.52
MinimumVisualStudioVersion = 10.0.40219.1
Project("{FAE04EC0-301F-11D3-BF4B-00C04F79EFBC}") = "TMS_Project", "TMS_Project\TMS_Project.csproj", "{33057450-39CC-4F6B-A215-981F148D3662}"
EndProject
Global
	GlobalSection(SolutionConfigurationPlatforms) = preSolution
		Debug|Any CPU = Debug|Any CPU
		Release|Any CPU = Release|Any CPU
	EndGlobalSection
	GlobalSection(ProjectConfigurationPlatforms) = postSolution
		{33057450-39CC-4F6B-A215-981F148D3662}.Debug|Any CPU.ActiveCfg = Debug|Any CPU
		{33057450-39CC-4F6B-A215-981F148D3662}.Debug|Any CPU.Build.0 = Debug|Any CPU
		{33057450-39CC-4F6B-A215-981F148D3662}.Release|Any CPU.ActiveCfg = Release|Any CPU
		{33057450-39CC-4F6B-A215-981F148D3662}.Release|Any CPU.Build.0 = Release|Any CPU
	EndGlobalSection
	GlobalSection(SolutionProperties) = preSolution
		HideSolutionNode = FALSE
	EndGlobalSection
	GlobalSection(ExtensibilityGlobals) = postSolution
		SolutionGuid = {94F50437-5037-40D8-8E2F-9FF3B296E539}
	EndGlobalSection
EndGlobal
